
Microsoft Visual Studio Solution File, Format Version 12.00
# Visual Studio Version 16
VisualStudioVersion = 16.0.30907.101
MinimumVisualStudioVersion = 10.0.40219.1
Project("{F184B08F-C81C-45F6-A57F-5ABD9991F28F}") = "Food Vending Machine", "Food Vending Machine\Food Vending Machine.vbproj", "{507A8559-22C0-456E-BDF0-F0923B834637}"
EndProject
Global
	GlobalSection(SolutionConfigurationPlatforms) = preSolution
		Debug|Any CPU = Debug|Any CPU
		Release|Any CPU = Release|Any CPU
	EndGlobalSection
	GlobalSection(ProjectConfigurationPlatforms) = postSolution
		{507A8559-22C0-456E-BDF0-F0923B834637}.Debug|Any CPU.ActiveCfg = Debug|Any CPU
		{507A8559-22C0-456E-BDF0-F0923B834637}.Debug|Any CPU.Build.0 = Debug|Any CPU
		{507A8559-22C0-456E-BDF0-F0923B834637}.Release|Any CPU.ActiveCfg = Release|Any CPU
		{507A8559-22C0-456E-BDF0-F0923B834637}.Release|Any CPU.Build.0 = Release|Any CPU
	EndGlobalSection
	GlobalSection(SolutionProperties) = preSolution
		HideSolutionNode = FALSE
	EndGlobalSection
	GlobalSection(ExtensibilityGlobals) = postSolution
		SolutionGuid = {5EB9A21B-D009-4D7F-ABDC-01F9021BF863}
	EndGlobalSection
EndGlobal
